
Microsoft Visual Studio Solution File, Format Version 12.00
# Visual Studio Version 17
VisualStudioVersion = 17.0.32112.339
MinimumVisualStudioVersion = 10.0.40219.1
Project("{9A19103F-16F7-4668-BE54-9A1E7A4F7556}") = "CazamioProgect", "Cazamio\CazamioProgect.csproj", "{BE94F304-0BE6-40CB-BFD5-E9CE9C4EED9E}"
EndProject
Project("{9A19103F-16F7-4668-BE54-9A1E7A4F7556}") = "TenantWebSiteAbode", "TenantWebSiteAbode\TenantWebSiteAbode.csproj", "{BBDBA737-076B-436D-AA25-93497AEF2C92}"
EndProject
Project("{9A19103F-16F7-4668-BE54-9A1E7A4F7556}") = "LandlordWebSiteCazamio", "LandlordWebSiteCazamio\LandlordWebSiteCazamio.csproj", "{FFFA06E0-176A-442B-B99C-C7D2289A8B3D}"
EndProject
Project("{9A19103F-16F7-4668-BE54-9A1E7A4F7556}") = "BrokerWebSiteCazamio", "BrokerWebSiteCazamio\BrokerWebSiteCazamio.csproj", "{BF988337-4D15-4C93-9D52-5548D791F112}"
EndProject
Project("{9A19103F-16F7-4668-BE54-9A1E7A4F7556}") = "TenantWebSiteCazamio", "TenantWebSiteCazamio\TenantWebSiteCazamio.csproj", "{FBCCD056-136A-4E25-860D-FEFB3075FF6F}"
EndProject
Project("{9A19103F-16F7-4668-BE54-9A1E7A4F7556}") = "ApiCazamioTests", "ApiCazamioTests\ApiCazamioTests.csproj", "{B14E04EE-4FDF-481F-B836-9F57D9A980B5}"
EndProject
Project("{FAE04EC0-301F-11D3-BF4B-00C04F79EFBC}") = "SuperAdminWebSiteCazamio", "SuperAdminWebSiteCazamio\SuperAdminWebSiteCazamio.csproj", "{947246B6-8ABA-422E-8280-C2F77CA18306}"
EndProject
Global
	GlobalSection(SolutionConfigurationPlatforms) = preSolution
		Debug|Any CPU = Debug|Any CPU
		Release|Any CPU = Release|Any CPU
	EndGlobalSection
	GlobalSection(ProjectConfigurationPlatforms) = postSolution
		{BE94F304-0BE6-40CB-BFD5-E9CE9C4EED9E}.Debug|Any CPU.ActiveCfg = Debug|Any CPU
		{BE94F304-0BE6-40CB-BFD5-E9CE9C4EED9E}.Debug|Any CPU.Build.0 = Debug|Any CPU
		{BE94F304-0BE6-40CB-BFD5-E9CE9C4EED9E}.Release|Any CPU.ActiveCfg = Release|Any CPU
		{BE94F304-0BE6-40CB-BFD5-E9CE9C4EED9E}.Release|Any CPU.Build.0 = Release|Any CPU
		{BBDBA737-076B-436D-AA25-93497AEF2C92}.Debug|Any CPU.ActiveCfg = Debug|Any CPU
		{BBDBA737-076B-436D-AA25-93497AEF2C92}.Debug|Any CPU.Build.0 = Debug|Any CPU
		{BBDBA737-076B-436D-AA25-93497AEF2C92}.Release|Any CPU.ActiveCfg = Release|Any CPU
		{BBDBA737-076B-436D-AA25-93497AEF2C92}.Release|Any CPU.Build.0 = Release|Any CPU
		{FFFA06E0-176A-442B-B99C-C7D2289A8B3D}.Debug|Any CPU.ActiveCfg = Debug|Any CPU
		{FFFA06E0-176A-442B-B99C-C7D2289A8B3D}.Debug|Any CPU.Build.0 = Debug|Any CPU
		{FFFA06E0-176A-442B-B99C-C7D2289A8B3D}.Release|Any CPU.ActiveCfg = Release|Any CPU
		{FFFA06E0-176A-442B-B99C-C7D2289A8B3D}.Release|Any CPU.Build.0 = Release|Any CPU
		{BF988337-4D15-4C93-9D52-5548D791F112}.Debug|Any CPU.ActiveCfg = Debug|Any CPU
		{BF988337-4D15-4C93-9D52-5548D791F112}.Debug|Any CPU.Build.0 = Debug|Any CPU
		{BF988337-4D15-4C93-9D52-5548D791F112}.Release|Any CPU.ActiveCfg = Release|Any CPU
		{BF988337-4D15-4C93-9D52-5548D791F112}.Release|Any CPU.Build.0 = Release|Any CPU
		{FBCCD056-136A-4E25-860D-FEFB3075FF6F}.Debug|Any CPU.ActiveCfg = Debug|Any CPU
		{FBCCD056-136A-4E25-860D-FEFB3075FF6F}.Debug|Any CPU.Build.0 = Debug|Any CPU
		{FBCCD056-136A-4E25-860D-FEFB3075FF6F}.Release|Any CPU.ActiveCfg = Release|Any CPU
		{FBCCD056-136A-4E25-860D-FEFB3075FF6F}.Release|Any CPU.Build.0 = Release|Any CPU
		{B14E04EE-4FDF-481F-B836-9F57D9A980B5}.Debug|Any CPU.ActiveCfg = Debug|Any CPU
		{B14E04EE-4FDF-481F-B836-9F57D9A980B5}.Debug|Any CPU.Build.0 = Debug|Any CPU
		{B14E04EE-4FDF-481F-B836-9F57D9A980B5}.Release|Any CPU.ActiveCfg = Release|Any CPU
		{B14E04EE-4FDF-481F-B836-9F57D9A980B5}.Release|Any CPU.Build.0 = Release|Any CPU
		{947246B6-8ABA-422E-8280-C2F77CA18306}.Debug|Any CPU.ActiveCfg = Debug|Any CPU
		{947246B6-8ABA-422E-8280-C2F77CA18306}.Debug|Any CPU.Build.0 = Debug|Any CPU
		{947246B6-8ABA-422E-8280-C2F77CA18306}.Release|Any CPU.ActiveCfg = Release|Any CPU
		{947246B6-8ABA-422E-8280-C2F77CA18306}.Release|Any CPU.Build.0 = Release|Any CPU
	EndGlobalSection
	GlobalSection(SolutionProperties) = preSolution
		HideSolutionNode = FALSE
	EndGlobalSection
	GlobalSection(ExtensibilityGlobals) = postSolution
		SolutionGuid = {188B7684-55E7-4C71-A043-8F76DEF5170E}
	EndGlobalSection
EndGlobal
